{
  "name": "log-analyzer-agent",
  "version": "1.0.0",
  "lockfileVersion": 1,
  "requires": true,
  "dependencies": {
    "asn1": {
      "version": "0.2.4",
      "resolved": "https://registry.npmjs.org/asn1/-/asn1-0.2.4.tgz",
      "integrity": "sha512-jxwzQpLQjSmWXgwaCZE9Nz+glAG01yF1QnWgbhGwHI5A6FRIEY6IVqtHhIepHqI7/kyEyQEagBC5mBEFlIYvdg==",
      "requires": {
        "safer-buffer": "~2.1.0"
      }
    },
    "bcrypt-pbkdf": {
      "version": "1.0.2",
      "resolved": "https://registry.npmjs.org/bcrypt-pbkdf/-/bcrypt-pbkdf-1.0.2.tgz",
      "integrity": "sha1-pDAdOJtqQ/m2f/PKEaP2Y342Dp4=",
      "requires": {
        "tweetnacl": "^0.14.3"
      }
    },
    "node-ssh": {
      "version": "6.0.0",
      "resolved": "https://registry.npmjs.org/node-ssh/-/node-ssh-6.0.0.tgz",
      "integrity": "sha512-R/nqH09/kZrXilSLizJgokw4hJTSADANnntjk6iNVfO95RPNQq9H19NeUvQof96WQB9dgOxpRgBV7d+snZP2DQ==",
      "requires": {
        "p-map": "^2.1.0",
        "sb-promisify": "^2.0.1",
        "sb-scandir": "^2.0.0",
        "shell-escape": "^0.2.0",
        "ssh2": "^0.8.2"
      }
    },
    "p-map": {
      "version": "2.1.0",
      "resolved": "https://registry.npmjs.org/p-map/-/p-map-2.1.0.tgz",
      "integrity": "sha512-y3b8Kpd8OAN444hxfBbFfj1FY/RjtTd8tzYwhUqNYXx0fXx2iX4maP4Qr6qhIKbQXI02wTLAda4fYUbDagTUFw=="
    },
    "safer-buffer": {
      "version": "2.1.2",
      "resolved": "https://registry.npmjs.org/safer-buffer/-/safer-buffer-2.1.2.tgz",
      "integrity": "sha512-YZo3K82SD7Riyi0E1EQPojLz7kpepnSQI9IyPbHHg1XXXevb5dJI7tpyN2ADxGcQbHG7vcyRHk0cbwqcQriUtg=="
    },
    "sb-promisify": {
      "version": "2.0.2",
      "resolved": "https://registry.npmjs.org/sb-promisify/-/sb-promisify-2.0.2.tgz",
      "integrity": "sha1-QnelR1RIiqlnXYhuNU24lMm9yYE="
    },
    "sb-scandir": {
      "version": "2.0.0",
      "resolved": "https://registry.npmjs.org/sb-scandir/-/sb-scandir-2.0.0.tgz",
      "integrity": "sha512-SKbyMJB0DUt9OgN4tP2RBcn9OsR26DEpe+nwaDkQTNcrJSJI0FlLhXhBpTd/YEnlQ2GdLrbszSNekGLw4rweOQ==",
      "requires": {
        "p-map": "^1.2.0",
        "sb-promisify": "^2.0.1"
      },
      "dependencies": {
        "p-map": {
          "version": "1.2.0",
          "resolved": "https://registry.npmjs.org/p-map/-/p-map-1.2.0.tgz",
          "integrity": "sha512-r6zKACMNhjPJMTl8KcFH4li//gkrXWfbD6feV8l6doRHlzljFWGJ2AP6iKaCJXyZmAUMOPtvbW7EXkbWO/pLEA=="
        }
      }
    },
    "shell-escape": {
      "version": "0.2.0",
      "resolved": "https://registry.npmjs.org/shell-escape/-/shell-escape-0.2.0.tgz",
      "integrity": "sha1-aP0CXrBJC09WegJ/C/IkgLX4QTM="
    },
    "ssh2": {
      "version": "0.8.5",
      "resolved": "https://registry.npmjs.org/ssh2/-/ssh2-0.8.5.tgz",
      "integrity": "sha512-TkvzxSYYUSQ8jb//HbHnJVui4fVEW7yu/zwBxwro/QaK2EGYtwB+8gdEChwHHuj142c5+250poMC74aJiwApPw==",
      "requires": {
        "ssh2-streams": "~0.4.4"
      }
    },
    "ssh2-streams": {
      "version": "0.4.4",
      "resolved": "https://registry.npmjs.org/ssh2-streams/-/ssh2-streams-0.4.4.tgz",
      "integrity": "sha512-yNfPZgJO/N69TvYkpDHZBkXAXQzTpfzRkOphQu3PeUpZnrjp9VNa8RKDZkZDpjsWItay+I4NMAbZZ7DqHRt0AQ==",
      "requires": {
        "asn1": "~0.2.0",
        "bcrypt-pbkdf": "^1.0.2",
        "streamsearch": "~0.1.2"
      }
    },
    "streamsearch": {
      "version": "0.1.2",
      "resolved": "https://registry.npmjs.org/streamsearch/-/streamsearch-0.1.2.tgz",
      "integrity": "sha1-gIudDlb8Jz2Am6VzOOkpkZoanxo="
    },
    "tweetnacl": {
      "version": "0.14.5",
      "resolved": "https://registry.npmjs.org/tweetnacl/-/tweetnacl-0.14.5.tgz",
      "integrity": "sha1-WuaBd/GS1EViadEIr6k/+HQ/T2Q="
    }
  }
}
